
Microsoft Visual Studio Solution File, Format Version 12.00
# Visual Studio Version 17
VisualStudioVersion = 17.5.002.0
MinimumVisualStudioVersion = 10.0.40219.1
Project("{9A19103F-16F7-4668-BE54-9A1E7A4F7556}") = "task009", "task009.csproj", "{27351E83-8234-4264-B5AC-AD1F9149B5B6}"
EndProject
Global
	GlobalSection(SolutionConfigurationPlatforms) = preSolution
		Debug|Any CPU = Debug|Any CPU
		Release|Any CPU = Release|Any CPU
	EndGlobalSection
	GlobalSection(ProjectConfigurationPlatforms) = postSolution
		{27351E83-8234-4264-B5AC-AD1F9149B5B6}.Debug|Any CPU.ActiveCfg = Debug|Any CPU
		{27351E83-8234-4264-B5AC-AD1F9149B5B6}.Debug|Any CPU.Build.0 = Debug|Any CPU
		{27351E83-8234-4264-B5AC-AD1F9149B5B6}.Release|Any CPU.ActiveCfg = Release|Any CPU
		{27351E83-8234-4264-B5AC-AD1F9149B5B6}.Release|Any CPU.Build.0 = Release|Any CPU
	EndGlobalSection
	GlobalSection(SolutionProperties) = preSolution
		HideSolutionNode = FALSE
	EndGlobalSection
	GlobalSection(ExtensibilityGlobals) = postSolution
		SolutionGuid = {606DA0D9-6275-4A41-A28E-A8CFAEFCD61C}
	EndGlobalSection
EndGlobal
